
Microsoft Visual Studio Solution File, Format Version 12.00
# Visual Studio 2012
Project("{FAE04EC0-301F-11D3-BF4B-00C04F79EFBC}") = "LinodeDynamicDNS", "LinodeDynamicDNS.csproj", "{4149C05E-43F6-4C28-840E-DBDB0C4E45D4}"
EndProject
Global
	GlobalSection(SolutionConfigurationPlatforms) = preSolution
		Debug|Any CPU = Debug|Any CPU
		Release|Any CPU = Release|Any CPU
	EndGlobalSection
	GlobalSection(ProjectConfigurationPlatforms) = postSolution
		{4149C05E-43F6-4C28-840E-DBDB0C4E45D4}.Debug|Any CPU.ActiveCfg = Debug|Any CPU
		{4149C05E-43F6-4C28-840E-DBDB0C4E45D4}.Debug|Any CPU.Build.0 = Debug|Any CPU
		{4149C05E-43F6-4C28-840E-DBDB0C4E45D4}.Release|Any CPU.ActiveCfg = Release|Any CPU
		{4149C05E-43F6-4C28-840E-DBDB0C4E45D4}.Release|Any CPU.Build.0 = Release|Any CPU
	EndGlobalSection
	GlobalSection(SolutionProperties) = preSolution
		HideSolutionNode = FALSE
	EndGlobalSection
EndGlobal
